
Microsoft Visual Studio Solution File, Format Version 12.00
# Visual Studio Version 17
VisualStudioVersion = 17.12.35527.113 d17.12
MinimumVisualStudioVersion = 10.0.40219.1
Project("{FAE04EC0-301F-11D3-BF4B-00C04F79EFBC}") = "AutheticationAPI", "AutheticationAPI.csproj", "{B9B3F802-91B2-47A4-8272-2B51289A51A6}"
EndProject
Project("{FAE04EC0-301F-11D3-BF4B-00C04F79EFBC}") = "ClientWebApp", "..\ClientWebApp\ClientWebApp.csproj", "{75393173-9A4A-48DA-9F15-6045FFEDE4FA}"
EndProject
Global
	GlobalSection(SolutionConfigurationPlatforms) = preSolution
		Debug|Any CPU = Debug|Any CPU
		Release|Any CPU = Release|Any CPU
	EndGlobalSection
	GlobalSection(ProjectConfigurationPlatforms) = postSolution
		{B9B3F802-91B2-47A4-8272-2B51289A51A6}.Debug|Any CPU.ActiveCfg = Debug|Any CPU
		{B9B3F802-91B2-47A4-8272-2B51289A51A6}.Debug|Any CPU.Build.0 = Debug|Any CPU
		{B9B3F802-91B2-47A4-8272-2B51289A51A6}.Release|Any CPU.ActiveCfg = Release|Any CPU
		{B9B3F802-91B2-47A4-8272-2B51289A51A6}.Release|Any CPU.Build.0 = Release|Any CPU
		{75393173-9A4A-48DA-9F15-6045FFEDE4FA}.Debug|Any CPU.ActiveCfg = Debug|Any CPU
		{75393173-9A4A-48DA-9F15-6045FFEDE4FA}.Debug|Any CPU.Build.0 = Debug|Any CPU
		{75393173-9A4A-48DA-9F15-6045FFEDE4FA}.Release|Any CPU.ActiveCfg = Release|Any CPU
		{75393173-9A4A-48DA-9F15-6045FFEDE4FA}.Release|Any CPU.Build.0 = Release|Any CPU
	EndGlobalSection
	GlobalSection(SolutionProperties) = preSolution
		HideSolutionNode = FALSE
	EndGlobalSection
EndGlobal
